
Microsoft Visual Studio Solution File, Format Version 12.00
# Visual Studio Version 16
VisualStudioVersion = 16.0.31624.102
MinimumVisualStudioVersion = 10.0.40219.1
Project("{9A19103F-16F7-4668-BE54-9A1E7A4F7556}") = "Website", "Website\Website.csproj", "{31E08808-5F6C-438F-90E5-D52D007A0A2C}"
EndProject
Project("{FAE04EC0-301F-11D3-BF4B-00C04F79EFBC}") = "API Project", "API Project\API Project.csproj", "{52F54B4A-B9EF-42F3-9CAF-E87BB3A9FD32}"
EndProject
Global
	GlobalSection(SolutionConfigurationPlatforms) = preSolution
		Debug|Any CPU = Debug|Any CPU
		Release|Any CPU = Release|Any CPU
	EndGlobalSection
	GlobalSection(ProjectConfigurationPlatforms) = postSolution
		{31E08808-5F6C-438F-90E5-D52D007A0A2C}.Debug|Any CPU.ActiveCfg = Debug|Any CPU
		{31E08808-5F6C-438F-90E5-D52D007A0A2C}.Debug|Any CPU.Build.0 = Debug|Any CPU
		{31E08808-5F6C-438F-90E5-D52D007A0A2C}.Release|Any CPU.ActiveCfg = Release|Any CPU
		{31E08808-5F6C-438F-90E5-D52D007A0A2C}.Release|Any CPU.Build.0 = Release|Any CPU
		{52F54B4A-B9EF-42F3-9CAF-E87BB3A9FD32}.Debug|Any CPU.ActiveCfg = Debug|Any CPU
		{52F54B4A-B9EF-42F3-9CAF-E87BB3A9FD32}.Debug|Any CPU.Build.0 = Debug|Any CPU
		{52F54B4A-B9EF-42F3-9CAF-E87BB3A9FD32}.Release|Any CPU.ActiveCfg = Release|Any CPU
		{52F54B4A-B9EF-42F3-9CAF-E87BB3A9FD32}.Release|Any CPU.Build.0 = Release|Any CPU
	EndGlobalSection
	GlobalSection(SolutionProperties) = preSolution
		HideSolutionNode = FALSE
	EndGlobalSection
	GlobalSection(ExtensibilityGlobals) = postSolution
		SolutionGuid = {0916D5A1-B480-43D9-BB67-3EFDADCE764F}
	EndGlobalSection
EndGlobal
